# This file is automatically @generated by Cargo.
# It is not intended for manual editing.
version = 4

[[package]]
name = "adler2"
version = "2.0.1"
source = "registry+https://github.com/rust-lang/crates.io-index"
checksum = "320119579fcad9c21884f5c4861d16174d0e06250625266f50fe6898340abefa"

[[package]]
name = "aho-corasick"
version = "1.1.5"
source = "registry+https://github.com/rust-lang/crates.io-index"
checksum = "c982642fa9e8606056828ee9a8505737230110bb1099153c79efe865c59d12ba"
dependencies = [
 "memchr",
]

[[package]]
name = "anyhow"
version = "1.0.104"
source = "registry+https://github.com/rust-lang/crates.io-index"
checksum = "330a5ed07fa54e4702c9d6c4174f74427fc0ef6e214bbd677ae50a5099946470"

[[package]]
name = "arrayref"
version = "0.3.9"
source = "registry+https://github.com/rust-lang/crates.io-index"
checksum = "76a2e8124351fda1ef8aaaa3bbd7ebbcb486bbcd4225aca0aa0d84bb2db8fecb"

[[package]]
name = "arrayvec"
version = "0.7.8"
source = "registry+https://github.com/rust-lang/crates.io-index"
checksum = "d3fb67a6e08acf24fdeccbac2cb6ac4305825bd1f117462e0e6f2f193345ad56"

[[package]]
name = "async-broadcast"
version = "0.7.2"
source = "registry+https://github.com/rust-lang/crates.io-index"
checksum = "435a87a52755b8f27fcf321ac4f04b2802e337c8c4872923137471ec39c37532"
dependencies = [
 "event-listener",
 "event-listener-strategy",
 "futures-core",
 "pin-project-lite",
]

[[package]]
name = "async-channel"
version = "2.5.0"
source = "registry+https://github.com/rust-lang/crates.io-index"
checksum = "924ed96dd52d1b75e9c1a3e6275715fd320f5f9439fb5a4a11fa51f4221158d2"
dependencies = [
 "concurrent-queue",
 "event-listener-strategy",
 "futures-core",
 "pin-project-lite",
]

[[package]]
name = "async-executor"
version = "1.14.0"
source = "registry+https://github.com/rust-lang/crates.io-index"
checksum = "c96bf972d85afc50bf5ab8fe2d54d1586b4e0b46c97c50a0c9e71e2f7bcd812a"
dependencies = [
 "async-task",
 "concurrent-queue",
 "fastrand",
 "futures-lite",
 "pin-project-lite",
 "slab",
]

[[package]]
name = "async-io"
version = "2.6.0"
source = "registry+https://github.com/rust-lang/crates.io-index"
checksum = "456b8a8feb6f42d237746d4b3e9a178494627745c3c56c6ea55d92ba50d026fc"
dependencies = [
 "autocfg",
 "cfg-if",
 "concurrent-queue",
 "futures-io",
 "futures-lite",
 "parking",
 "polling",
 "rustix",
 "slab",
 "windows-sys",
]

[[package]]
name = "async-lock"
version = "3.4.2"
source = "registry+https://github.com/rust-lang/crates.io-index"
checksum = "290f7f2596bd5b78a9fec8088ccd89180d7f9f55b94b0576823bbbdc72ee8311"
dependencies = [
 "event-listener",
 "event-listener-strategy",
 "pin-project-lite",
]

[[package]]
name = "async-process"
version = "2.5.0"
source = "registry+https://github.com/rust-lang/crates.io-index"
checksum = "fc50921ec0055cdd8a16de48773bfeec5c972598674347252c0399676be7da75"
dependencies = [
 "async-channel",
 "async-io",
 "async-lock",
 "async-signal",
 "async-task",
 "blocking",
 "cfg-if",
 "event-listener",
 "futures-lite",
 "rustix",
]

[[package]]
name = "async-recursion"
version = "1.1.1"
source = "registry+https://github.com/rust-lang/crates.io-index"
checksum = "3b43422f69d8ff38f95f1b2bb76517c91589a924d1559a0e935d7c8ce0274c11"
dependencies = [
 "proc-macro2",
 "quote",
 "syn 2.0.119",
]

[[package]]
name = "async-signal"
version = "0.2.14"
source = "registry+https://github.com/rust-lang/crates.io-index"
checksum = "52b5aaafa020cf5053a01f2a60e8ff5dccf550f0f77ec54a4e47285ac2bab485"
dependencies = [
 "async-io",
 "async-lock",
 "atomic-waker",
 "cfg-if",
 "futures-core",
 "futures-io",
 "rustix",
 "signal-hook-registry",
 "slab",
 "windows-sys",
]

[[package]]
name = "async-task"
version = "4.7.1"
source = "registry+https://github.com/rust-lang/crates.io-index"
checksum = "8b75356056920673b02621b35afd0f7dda9306d03c79a30f5c56c44cf256e3de"

[[package]]
name = "async-trait"
version = "0.1.92"
source = "registry+https://github.com/rust-lang/crates.io-index"
checksum = "82f6aeea286b8eb4dd3431a1be1b59d290ace00f5bfd8e2a159bc2a05e2c1667"
dependencies = [
 "proc-macro2",
 "quote",
 "syn 3.0.4",
]

[[package]]
name = "atomic-waker"
version = "1.1.2"
source = "registry+https://github.com/rust-lang/crates.io-index"
checksum = "1505bd5d3d116872e7271a6d4e16d81d0c8570876c8de68093a09ac269d8aac0"

[[package]]
name = "autocfg"
version = "1.5.1"
source = "registry+https://github.com/rust-lang/crates.io-index"
checksum = "f2032f911046de80f0a198e0901378627c33f59ea0ac00e363d481118bd70a53"

[[package]]
name = "base64"
version = "0.23.1"
source = "registry+https://github.com/rust-lang/crates.io-index"
checksum = "ac07cdecf99051d9a5238b80f35af32cdeba5b336e55d957b318b50137e18da5"

[[package]]
name = "bitflags"
version = "2.13.1"
source = "registry+https://github.com/rust-lang/crates.io-index"
checksum = "b588b76d00fde79687d7646a9b5bdf3cc0f655e0bbd080335a95d7e96f3587da"

[[package]]
name = "blocking"
version = "1.7.0"
source = "registry+https://github.com/rust-lang/crates.io-index"
checksum = "a70e4329df6cb94385eed412ec92375c3cdd8a6e502493d1229b6414e4036dfa"
dependencies = [
 "async-channel",
 "async-task",
 "futures-io",
 "futures-lite",
 "piper",
]

[[package]]
name = "borsh"
version = "1.8.1"
source = "registry+https://github.com/rust-lang/crates.io-index"
checksum = "553c5d846a6ba5150c65e3b1b8ec073bcf1abc20f9b7220de384a4443ea4e20a"
dependencies = [
 "bytes",
 "cfg_aliases",
]

[[package]]
name = "browser"
version = "0.0.0"
dependencies = [
 "engine",
 "log",
 "platform",
]

[[package]]
name = "bumpalo"
version = "3.20.3"
source = "registry+https://github.com/rust-lang/crates.io-index"
checksum = "72f5acc6cb2ba439de613abc23857ec3d78374d8ed5ac84e9d11336e87da8649"

[[package]]
name = "bytemuck"
version = "1.25.2"
source = "registry+https://github.com/rust-lang/crates.io-index"
checksum = "95832e849adfb21180ccb6826a99da14e5d266ae5c2e668e1602cf234f153797"
dependencies = [
 "bytemuck_derive",
]

[[package]]
name = "bytemuck_derive"
version = "1.12.0"
source = "registry+https://github.com/rust-lang/crates.io-index"
checksum = "fc0e56a716f1e132ff6bf4bdac1c944a3fcdc1cae65f70a4a2a1ac3b401d2d1f"
dependencies = [
 "proc-macro2",
 "quote",
 "syn 3.0.4",
]

[[package]]
name = "byteorder-lite"
version = "0.1.0"
source = "registry+https://github.com/rust-lang/crates.io-index"
checksum = "8f1fe948ff07f4bd06c30984e69f5b4899c516a3ef74f34df92a2df2ab535495"

[[package]]
name = "bytes"
version = "1.12.1"
source = "registry+https://github.com/rust-lang/crates.io-index"
checksum = "fc652a48c352aef3ea3aed32080501cf3ef6ed5da78602a020c991775b0aff04"

[[package]]
name = "cfg-if"
version = "1.0.4"
source = "registry+https://github.com/rust-lang/crates.io-index"
checksum = "9330f8b2ff13f34540b44e946ef35111825727b38d33286ef986142615121801"

[[package]]
name = "cfg_aliases"
version = "0.2.2"
source = "registry+https://github.com/rust-lang/crates.io-index"
checksum = "f079e83a288787bcd14a6aea84cee5c87a67c5a3e660c30f557a3d24761b3527"

[[package]]
name = "color_quant"
version = "1.1.0"
source = "registry+https://github.com/rust-lang/crates.io-index"
checksum = "3d7b894f5411737b7867f4827955924d7c254fc9f4d91a6aad6b097804b1018b"

[[package]]
name = "colored"
version = "3.1.1"
source = "registry+https://github.com/rust-lang/crates.io-index"
checksum = "faf9468729b8cbcea668e36183cb69d317348c2e08e994829fb56ebfdfbaac34"
dependencies = [
 "windows-sys",
]

[[package]]
name = "concurrent-queue"
version = "2.5.0"
source = "registry+https://github.com/rust-lang/crates.io-index"
checksum = "4ca0197aee26d1ae37445ee532fefce43251d24cc7c166799f4d46817f1d3973"
dependencies = [
 "crossbeam-utils",
]

[[package]]
name = "crc32fast"
version = "1.5.1"
source = "registry+https://github.com/rust-lang/crates.io-index"
checksum = "8498c871161e1742aaa9d52551b2d6ebdd4c3d45a3be423e3728f33b955be550"
dependencies = [
 "cfg-if",
]

[[package]]
name = "crossbeam-utils"
version = "0.8.22"
source = "registry+https://github.com/rust-lang/crates.io-index"
checksum = "61803da095bee82a81bb1a452ecc25d3b2f1416d1897eb86430c6159ef717c17"

[[package]]
name = "dark-light"
version = "3.0.0"
source = "registry+https://github.com/rust-lang/crates.io-index"
checksum = "0f66b71ac6b73812b0bf51cda8dd646a268fbb38623f45b2b7907593c323f745"
dependencies = [
 "futures-channel",
 "futures-core",
 "objc2",
 "objc2-foundation",
 "wasm-bindgen",
 "web-sys",
 "windows-sys",
 "winreg",
 "zbus",
]

[[package]]
name = "data-url"
version = "0.3.2"
source = "registry+https://github.com/rust-lang/crates.io-index"
checksum = "be1e0bca6c3637f992fc1cc7cbc52a78c1ef6db076dbf1059c4323d6a2048376"

[[package]]
name = "endi"
version = "1.1.1"
source = "registry+https://github.com/rust-lang/crates.io-index"
checksum = "66b7e2430c6dff6a955451e2cfc438f09cea1965a9d6f87f7e3b90decc014099"

[[package]]
name = "engine"
version = "0.0.0"
dependencies = [
 "anyhow",
 "dark-light",
 "entities",
 "log",
 "once_cell",
 "pixi_byte",
 "resvg",
 "smol_str",
 "ui_layout",
]

[[package]]
name = "entities"
version = "1.0.1"
source = "registry+https://github.com/rust-lang/crates.io-index"
checksum = "b5320ae4c3782150d900b79807611a59a99fc9a1d61d686faafc24b93fc8d7ca"

[[package]]
name = "enumflags2"
version = "0.7.12"
source = "registry+https://github.com/rust-lang/crates.io-index"
checksum = "1027f7680c853e056ebcec683615fb6fbbc07dbaa13b4d5d9442b146ded4ecef"
dependencies = [
 "enumflags2_derive",
 "serde",
]

[[package]]
name = "enumflags2_derive"
version = "0.7.12"
source = "registry+https://github.com/rust-lang/crates.io-index"
checksum = "67c78a4d8fdf9953a5c9d458f9efe940fd97a0cab0941c075a813ac594733827"
dependencies = [
 "proc-macro2",
 "quote",
 "syn 2.0.119",
]

[[package]]
name = "equivalent"
version = "1.0.2"
source = "registry+https://github.com/rust-lang/crates.io-index"
checksum = "877a4ace8713b0bcf2a4e7eec82529c029f1d0619886d18145fea96c3ffe5c0f"

[[package]]
name = "errno"
version = "0.3.14"
source = "registry+https://github.com/rust-lang/crates.io-index"
checksum = "39cab71617ae0d63f51a36d69f866391735b51691dbda63cf6f96d042b63efeb"
dependencies = [
 "libc",
 "windows-sys",
]

[[package]]
name = "euclid"
version = "0.22.14"
source = "registry+https://github.com/rust-lang/crates.io-index"
checksum = "f1a05365e3b1c6d1650318537c7460c6923f1abdd272ad6842baa2b509957a06"
dependencies = [
 "num-traits",
]

[[package]]
name = "event-listener"
version = "5.4.2"
source = "registry+https://github.com/rust-lang/crates.io-index"
checksum = "5a23add41df1562121a9393cb065eab5146a1242410f23a644851e90cfd669d2"
dependencies = [
 "parking",
 "pin-project-lite",
]

[[package]]
name = "event-listener-strategy"
version = "0.5.4"
source = "registry+https://github.com/rust-lang/crates.io-index"
checksum = "8be9f3dfaaffdae2972880079a491a1a8bb7cbed0b8dd7a347f668b4150a3b93"
dependencies = [
 "event-listener",
 "pin-project-lite",
]

[[package]]
name = "fastrand"
version = "2.5.0"
source = "registry+https://github.com/rust-lang/crates.io-index"
checksum = "da7c62ceae207dd37ea5b845da6a0696c799f85e97da1ab5b7910be3c1c80223"

[[package]]
name = "fdeflate"
version = "0.3.7"
source = "registry+https://github.com/rust-lang/crates.io-index"
checksum = "1e6853b52649d4ac5c0bd02320cddc5ba956bdb407c4b75a2c6b75bf51500f8c"
dependencies = [
 "simd-adler32",
]

[[package]]
name = "flate2"
version = "1.1.10"
source = "registry+https://github.com/rust-lang/crates.io-index"
checksum = "6e634e2e0ebac1ee034020da1ca582e17ffe4e0f5e985823721e168928136dcb"
dependencies = [
 "crc32fast",
 "miniz_oxide 0.9.1",
 "zlib-rs",
]

[[package]]
name = "float-cmp"
version = "0.9.0"
source = "registry+https://github.com/rust-lang/crates.io-index"
checksum = "98de4bbd547a563b716d8dfa9aad1cb19bfab00f4fa09a6a4ed21dbcf44ce9c4"

[[package]]
name = "font-types"
version = "0.12.4"
source = "registry+https://github.com/rust-lang/crates.io-index"
checksum = "e64eb721ca85a34323425f4041adc5d82704d3782d5f8f03793bc012419dce23"
dependencies = [
 "bytemuck",
]

[[package]]
name = "fontconfig-parser"
version = "0.5.8"
source = "registry+https://github.com/rust-lang/crates.io-index"
checksum = "bbc773e24e02d4ddd8395fd30dc147524273a83e54e0f312d986ea30de5f5646"
dependencies = [
 "roxmltree 0.20.0",
]

[[package]]
name = "fontdb"
version = "0.24.0"
source = "registry+https://github.com/rust-lang/crates.io-index"
checksum = "2660c5e9157bf76d2db1294e4a9feba604ef610819a3b591088d0d8392a3290f"
dependencies = [
 "fontconfig-parser",
 "log",
 "memmap2",
 "slotmap",
 "tinyvec",
]

[[package]]
name = "futures-channel"
version = "0.3.34"
source = "registry+https://github.com/rust-lang/crates.io-index"
checksum = "b1f9e3d69d39e4862ffed03ed071a76f9a13ba1d9109d355b0f0aa6b15e393c4"
dependencies = [
 "futures-core",
]

[[package]]
name = "futures-core"
version = "0.3.34"
source = "registry+https://github.com/rust-lang/crates.io-index"
checksum = "92d699e522242e69e3003b94ecc1f960f3a5e015aa7c5d7486e65ad01dd94f5e"

[[package]]
name = "futures-io"
version = "0.3.34"
source = "registry+https://github.com/rust-lang/crates.io-index"
checksum = "53c0fa8157de1303bfffdaa1cc2a673bfffb60102f76b0ef4441659124373fed"

[[package]]
name = "futures-lite"
version = "2.6.1"
source = "registry+https://github.com/rust-lang/crates.io-index"
checksum = "f78e10609fe0e0b3f4157ffab1876319b5b0db102a2c60dc4626306dc46b44ad"
dependencies = [
 "fastrand",
 "futures-core",
 "futures-io",
 "parking",
 "pin-project-lite",
]

[[package]]
name = "futures-task"
version = "0.3.34"
source = "registry+https://github.com/rust-lang/crates.io-index"
checksum = "cd417de3d1d015fc3bfd2b1ea46dfc7bab72ef86f1cc7cc9c78e728b34a6d1fd"

[[package]]
name = "futures-util"
version = "0.3.34"
source = "registry+https://github.com/rust-lang/crates.io-index"
checksum = "0d50a92467f8ba5dd6e3ee5d4bd04d73ab2e4e1c44474a0674821dfce14b79bc"
dependencies = [
 "futures-core",
 "futures-task",
 "pin-project-lite",
 "slab",
]

[[package]]
name = "getrandom"
version = "0.4.3"
source = "registry+https://github.com/rust-lang/crates.io-index"
checksum = "300e883d756b2e4ec94e02791f39b04b522276138852cfc41d9fb7e904106099"
dependencies = [
 "cfg-if",
 "libc",
 "r-efi",
]

[[package]]
name = "gif"
version = "0.14.2"
source = "registry+https://github.com/rust-lang/crates.io-index"
checksum = "ee8cfcc411d9adbbaba82fb72661cc1bcca13e8bba98b364e62b2dba8f960159"
dependencies = [
 "color_quant",
 "weezl",
]

[[package]]
name = "harfrust"
version = "0.12.0"
source = "registry+https://github.com/rust-lang/crates.io-index"
checksum = "c03d949a14aa089bbb282f7dd76a498a7f684428e4257202efc119ec010376f9"
dependencies = [
 "bitflags",
 "bytemuck",
 "read-fonts",
 "smallvec",
]

[[package]]
name = "hashbrown"
version = "0.17.1"
source = "registry+https://github.com/rust-lang/crates.io-index"
checksum = "ed5909b6e89a2db4456e54cd5f673791d7eca6732202bbf2a9cc504fe2f9b84a"

[[package]]
name = "hermit-abi"
version = "0.5.2"
source = "registry+https://github.com/rust-lang/crates.io-index"
checksum = "fc0fef456e4baa96da950455cd02c081ca953b141298e41db3fc7e36b1da849c"

[[package]]
name = "hex"
version = "0.4.3"
source = "registry+https://github.com/rust-lang/crates.io-index"
checksum = "7f24254aa9a54b5c858eaee2f5bccdb46aaf0e486a595ed5fd8f86ba55232a70"

[[package]]
name = "image-webp"
version = "0.2.4"
source = "registry+https://github.com/rust-lang/crates.io-index"
checksum = "525e9ff3e1a4be2fbea1fdf0e98686a6d98b4d8f937e1bf7402245af1909e8c3"
dependencies = [
 "byteorder-lite",
 "quick-error",
]

[[package]]
name = "imagesize"
version = "0.15.0"
source = "registry+https://github.com/rust-lang/crates.io-index"
checksum = "65b27460c2c92b037f3f94c538ed9a3342f3fdf923606781629ccb35f82d042a"

[[package]]
name = "indexmap"
version = "2.14.0"
source = "registry+https://github.com/rust-lang/crates.io-index"
checksum = "d466e9454f08e4a911e14806c24e16fba1b4c121d1ea474396f396069cf949d9"
dependencies = [
 "equivalent",
 "hashbrown",
]

[[package]]
name = "js-sys"
version = "0.3.104"
source = "registry+https://github.com/rust-lang/crates.io-index"
checksum = "0e0c1080212aad755ea003d18543e8768dd432c48819efd73a7bf1e39b7a5a3a"
dependencies = [
 "cfg-if",
 "futures-util",
 "wasm-bindgen",
]

[[package]]
name = "kurbo"
version = "0.13.1"
source = "registry+https://github.com/rust-lang/crates.io-index"
checksum = "4b60dfc32f652b926df6192e55525b16d186c69d47876c3ead4da5cc9f8450e2"
dependencies = [
 "arrayvec",
 "euclid",
 "polycool",
 "smallvec",
]

[[package]]
name = "libc"
version = "0.2.189"
source = "registry+https://github.com/rust-lang/crates.io-index"
checksum = "3eaf3ede3fee6db1a4c2ee091bf8a8b4dccdc6d17f656fb07896ee72867612f2"

[[package]]
name = "linux-raw-sys"
version = "0.12.1"
source = "registry+https://github.com/rust-lang/crates.io-index"
checksum = "32a66949e030da00e8c7d4434b251670a91556f4144941d37452769c25d58a53"

[[package]]
name = "log"
version = "0.4.34"
source = "registry+https://github.com/rust-lang/crates.io-index"
checksum = "f9f8bd3e56ce4dfc153cf470fffbfa98c7620958b312ca5c3a4b8d5181fd13c6"

[[package]]
name = "memchr"
version = "2.8.3"
source = "registry+https://github.com/rust-lang/crates.io-index"
checksum = "cf8baf1c55e62ffcace7a9f06f4bd9cd3f0c4beb022d3b367256b91b87513d98"

[[package]]
name = "memmap2"
version = "0.9.11"
source = "registry+https://github.com/rust-lang/crates.io-index"
checksum = "d1219ed1b7f229ee7104d281dd01d6802fe28bb6e95d292942c4daacdeb798c0"
dependencies = [
 "libc",
]

[[package]]
name = "memoffset"
version = "0.9.1"
source = "registry+https://github.com/rust-lang/crates.io-index"
checksum = "488016bfae457b036d996092f6cb448677611ce4449e970ceaf42695203f218a"
dependencies = [
 "autocfg",
]

[[package]]
name = "miniz_oxide"
version = "0.8.9"
source = "registry+https://github.com/rust-lang/crates.io-index"
checksum = "1fa76a2c86f704bdb222d66965fb3d63269ce38518b83cb0575fca855ebb6316"
dependencies = [
 "adler2",
 "simd-adler32",
]

[[package]]
name = "miniz_oxide"
version = "0.9.1"
source = "registry+https://github.com/rust-lang/crates.io-index"
checksum = "b63fbc4a50860e98e7b2aa7804ded1db5cbc3aff9193adaff57a6931bf7c4b4c"
dependencies = [
 "adler2",
 "simd-adler32",
]

[[package]]
name = "num-bigint"
version = "0.4.8"
source = "registry+https://github.com/rust-lang/crates.io-index"
checksum = "c89e69e7e0f03bea5ef08013795c25018e101932225a656383bd384495ecc367"
dependencies = [
 "num-integer",
 "num-traits",
]

[[package]]
name = "num-integer"
version = "0.1.47"
source = "registry+https://github.com/rust-lang/crates.io-index"
checksum = "7ce2d95d4b3734dc35aa2f45e1aa22cd416814592a4f9d9205e11affd5b8e10b"
dependencies = [
 "num-traits",
]

[[package]]
name = "num-traits"
version = "0.2.19"
source = "registry+https://github.com/rust-lang/crates.io-index"
checksum = "071dfc062690e90b734c0b2273ce72ad0ffa95f0c74596bc250dcfd960262841"
dependencies = [
 "autocfg",
]

[[package]]
name = "objc2"
version = "0.6.4"
source = "registry+https://github.com/rust-lang/crates.io-index"
checksum = "3a12a8ed07aefc768292f076dc3ac8c48f3781c8f2d5851dd3d98950e8c5a89f"
dependencies = [
 "objc2-encode",
]

[[package]]
name = "objc2-encode"
version = "4.1.0"
source = "registry+https://github.com/rust-lang/crates.io-index"
checksum = "ef25abbcd74fb2609453eb695bd2f860d389e457f67dc17cafc8b8cbc89d0c33"

[[package]]
name = "objc2-foundation"
version = "0.3.2"
source = "registry+https://github.com/rust-lang/crates.io-index"
checksum = "e3e0adef53c21f888deb4fa59fc59f7eb17404926ee8a6f59f5df0fd7f9f3272"
dependencies = [
 "bitflags",
 "objc2",
]

[[package]]
name = "once_cell"
version = "1.21.4"
source = "registry+https://github.com/rust-lang/crates.io-index"
checksum = "9f7c3e4beb33f85d45ae3e3a1792185706c8e16d043238c593331cc7cd313b50"

[[package]]
name = "ordered-stream"
version = "0.2.0"
source = "registry+https://github.com/rust-lang/crates.io-index"
checksum = "9aa2b01e1d916879f73a53d01d1d6cee68adbb31d6d9177a8cfce093cced1d50"
dependencies = [
 "futures-core",
 "pin-project-lite",
]

[[package]]
name = "orinium_browser"
version = "0.1.0"
dependencies = [
 "colored",
 "strsim",
]

[[package]]
name = "parking"
version = "2.2.1"
source = "registry+https://github.com/rust-lang/crates.io-index"
checksum = "f38d5652c16fde515bb1ecef450ab0f6a219d619a7274976324d5e377f7dceba"

[[package]]
name = "pico-args"
version = "0.5.0"
source = "registry+https://github.com/rust-lang/crates.io-index"
checksum = "5be167a7af36ee22fe3115051bc51f6e6c7054c9348e28deb4f49bd6f705a315"

[[package]]
name = "pin-project-lite"
version = "0.2.17"
source = "registry+https://github.com/rust-lang/crates.io-index"
checksum = "a89322df9ebe1c1578d689c92318e070967d1042b512afbe49518723f4e6d5cd"

[[package]]
name = "piper"
version = "0.2.5"
source = "registry+https://github.com/rust-lang/crates.io-index"
checksum = "c835479a4443ded371d6c535cbfd8d31ad92c5d23ae9770a61bc155e4992a3c1"
dependencies = [
 "atomic-waker",
 "fastrand",
 "futures-io",
]

[[package]]
name = "pixi_byte"
version = "0.1.0"
source = "git+https://github.com/orinium-browser/pixi_byte?rev=00c51e01427c852f7903a520ba0462613af6831a#00c51e01427c852f7903a520ba0462613af6831a"
dependencies = [
 "num-bigint",
 "num-traits",
 "regex",
 "rustc-hash",
]

[[package]]
name = "platform"
version = "0.0.0"
dependencies = [
 "engine",
 "log",
]

[[package]]
name = "png"
version = "0.18.1"
source = "registry+https://github.com/rust-lang/crates.io-index"
checksum = "60769b8b31b2a9f263dae2776c37b1b28ae246943cf719eb6946a1db05128a61"
dependencies = [
 "bitflags",
 "crc32fast",
 "fdeflate",
 "flate2",
 "miniz_oxide 0.8.9",
]

[[package]]
name = "polling"
version = "3.11.0"
source = "registry+https://github.com/rust-lang/crates.io-index"
checksum = "5d0e4f59085d47d8241c88ead0f274e8a0cb551f3625263c05eb8dd897c34218"
dependencies = [
 "cfg-if",
 "concurrent-queue",
 "hermit-abi",
 "pin-project-lite",
 "rustix",
 "windows-sys",
]

[[package]]
name = "polycool"
version = "0.4.0"
source = "registry+https://github.com/rust-lang/crates.io-index"
checksum = "50596ddc09eb5ad5f75cacd40209568e66df71baf86e1499a0e99c4cff12a5a6"
dependencies = [
 "arrayvec",
]

[[package]]
name = "proc-macro-crate"
version = "3.5.0"
source = "registry+https://github.com/rust-lang/crates.io-index"
checksum = "e67ba7e9b2b56446f1d419b1d807906278ffa1a658a8a5d8a39dcb1f5a78614f"
dependencies = [
 "toml_edit",
]

[[package]]
name = "proc-macro2"
version = "1.0.107"
source = "registry+https://github.com/rust-lang/crates.io-index"
checksum = "985e7ec9bb745e6ce6535b544d84d6cd6f7ad8bd711c398938ae983b91a766d9"
dependencies = [
 "unicode-ident",
]

[[package]]
name = "profile"
version = "0.0.0"

[[package]]
name = "quick-error"
version = "2.0.1"
source = "registry+https://github.com/rust-lang/crates.io-index"
checksum = "a993555f31e5a609f617c12db6250dedcac1b0a85076912c436e6fc9b2c8e6a3"

[[package]]
name = "quote"
version = "1.0.47"
source = "registry+https://github.com/rust-lang/crates.io-index"
checksum = "1fbf4db142a473a8d80c26bbf18454ed458bf8d26c8219c331daecfdbd079001"
dependencies = [
 "proc-macro2",
]

[[package]]
name = "r-efi"
version = "6.0.0"
source = "registry+https://github.com/rust-lang/crates.io-index"
checksum = "f8dcc9c7d52a811697d2151c701e0d08956f92b0e24136cf4cf27b57a6a0d9bf"

[[package]]
name = "read-fonts"
version = "0.41.0"
source = "registry+https://github.com/rust-lang/crates.io-index"
checksum = "046a7d674daf459825b32f5062056d6882db0d2f5a479fbd76ccfc870ac18709"
dependencies = [
 "bytemuck",
 "font-types",
 "once_cell",
]

[[package]]
name = "regex"
version = "1.13.1"
source = "registry+https://github.com/rust-lang/crates.io-index"
checksum = "f020237b6c8eed93db2e2cb53c00c60a8e1bc73da7d073199a1180401450218d"
dependencies = [
 "aho-corasick",
 "memchr",
 "regex-automata",
 "regex-syntax",
]

[[package]]
name = "regex-automata"
version = "0.4.18"
source = "registry+https://github.com/rust-lang/crates.io-index"
checksum = "ad8553b9b26413251cbf30e620595c7a41b3887f03da04579c0e6b0d6a06b4b2"
dependencies = [
 "aho-corasick",
 "memchr",
 "regex-syntax",
]

[[package]]
name = "regex-syntax"
version = "0.8.11"
source = "registry+https://github.com/rust-lang/crates.io-index"
checksum = "d6f6ff9a378485b298a5286656da665ba74413d36db0979633275d2e708145d4"

[[package]]
name = "resvg"
version = "0.48.1"
source = "registry+https://github.com/rust-lang/crates.io-index"
checksum = "67e3803f97b999e80cbf7c6ecdd07a8102204d92e1633cf48783720c521196bd"
dependencies = [
 "bytemuck",
 "gif",
 "image-webp",
 "log",
 "pico-args",
 "rgb",
 "svgtypes",
 "tiny-skia",
 "usvg",
 "zune-jpeg",
]

[[package]]
name = "rgb"
version = "0.8.53"
source = "registry+https://github.com/rust-lang/crates.io-index"
checksum = "47b34b781b31e5d73e9fbc8689c70551fd1ade9a19e3e28cfec8580a79290cc4"
dependencies = [
 "bytemuck",
]

[[package]]
name = "roxmltree"
version = "0.20.0"
source = "registry+https://github.com/rust-lang/crates.io-index"
checksum = "6c20b6793b5c2fa6553b250154b78d6d0db37e72700ae35fad9387a46f487c97"

[[package]]
name = "roxmltree"
version = "0.21.1"
source = "registry+https://github.com/rust-lang/crates.io-index"
checksum = "f1964b10c76125c36f8afe190065a4bf9a87bf324842c05701330bba9f1cacbb"
dependencies = [
 "memchr",
]

[[package]]
name = "rustc-hash"
version = "2.1.3"
source = "registry+https://github.com/rust-lang/crates.io-index"
checksum = "6b1e7f9a428571be2dc5bc0505c13fb6bf936822b894ec87abf8a08a4e51742d"

[[package]]
name = "rustix"
version = "1.1.4"
source = "registry+https://github.com/rust-lang/crates.io-index"
checksum = "b6fe4565b9518b83ef4f91bb47ce29620ca828bd32cb7e408f0062e9930ba190"
dependencies = [
 "bitflags",
 "errno",
 "libc",
 "linux-raw-sys",
 "windows-sys",
]

[[package]]
name = "rustversion"
version = "1.0.23"
source = "registry+https://github.com/rust-lang/crates.io-index"
checksum = "cf54715a573b99ac80df0bc206da022bcd442c974952c7b9720069370852e21f"

[[package]]
name = "serde"
version = "1.0.229"
source = "registry+https://github.com/rust-lang/crates.io-index"
checksum = "4148590afebada386688f18773da617792bf2ef03ffc1e4cbd2b1d45b023e0ba"
dependencies = [
 "serde_core",
 "serde_derive",
]

[[package]]
name = "serde_core"
version = "1.0.229"
source = "registry+https://github.com/rust-lang/crates.io-index"
checksum = "67dca2c9c51e58a4791a4b1ed58308b39c64224d349a935ab5039aa360942a48"
dependencies = [
 "serde_derive",
]

[[package]]
name = "serde_derive"
version = "1.0.229"
source = "registry+https://github.com/rust-lang/crates.io-index"
checksum = "e7a5d71263a5a7d47b41f6b3f06ba276f10cc18b0931f1799f710578e2309348"
dependencies = [
 "proc-macro2",
 "quote",
 "syn 3.0.4",
]

[[package]]
name = "serde_repr"
version = "0.1.21"
source = "registry+https://github.com/rust-lang/crates.io-index"
checksum = "8d3b1629de253c70a0508c3899572da79ca359fdab27c7920ff00406df418906"
dependencies = [
 "proc-macro2",
 "quote",
 "syn 3.0.4",
]

[[package]]
name = "signal-hook-registry"
version = "1.4.8"
source = "registry+https://github.com/rust-lang/crates.io-index"
checksum = "c4db69cba1110affc0e9f7bcd48bbf87b3f4fc7c61fc9155afd4c469eb3d6c1b"
dependencies = [
 "errno",
 "libc",
]

[[package]]
name = "simd-adler32"
version = "0.3.10"
source = "registry+https://github.com/rust-lang/crates.io-index"
checksum = "3a219298ac11a56ea9a6d2120044824d6f01aeb034955e7af7bc16858527deea"

[[package]]
name = "simplecss"
version = "0.2.2"
source = "registry+https://github.com/rust-lang/crates.io-index"
checksum = "7a9c6883ca9c3c7c90e888de77b7a5c849c779d25d74a1269b0218b14e8b136c"
dependencies = [
 "log",
]

[[package]]
name = "siphasher"
version = "1.0.3"
source = "registry+https://github.com/rust-lang/crates.io-index"
checksum = "8ee5873ec9cce0195efcb7a4e9507a04cd49aec9c83d0389df45b1ef7ba2e649"

[[package]]
name = "skrifa"
version = "0.44.0"
source = "registry+https://github.com/rust-lang/crates.io-index"
checksum = "819ab7d62b1d3e72d9d9dea5650bac30424f9111364bb94928dbf5ecad1baa68"
dependencies = [
 "bytemuck",
 "read-fonts",
]

[[package]]
name = "slab"
version = "0.4.12"
source = "registry+https://github.com/rust-lang/crates.io-index"
checksum = "0c790de23124f9ab44544d7ac05d60440adc586479ce501c1d6d7da3cd8c9cf5"

[[package]]
name = "slotmap"
version = "1.1.1"
source = "registry+https://github.com/rust-lang/crates.io-index"
checksum = "bdd58c3c93c3d278ca835519292445cb4b0d4dc59ccfdf7ceadaab3f8aeb4038"
dependencies = [
 "version_check",
]

[[package]]
name = "smallvec"
version = "1.15.2"
source = "registry+https://github.com/rust-lang/crates.io-index"
checksum = "8ed6a63f02c8539c91a8685a86f4099661ba3da017932f6ebbea6de3f0fa7c90"

[[package]]
name = "smol_str"
version = "0.3.6"
source = "registry+https://github.com/rust-lang/crates.io-index"
checksum = "4aaa7368fcf4852a4c2dd92df0cace6a71f2091ca0a23391ce7f3a31833f1523"
dependencies = [
 "borsh",
 "serde_core",
]

[[package]]
name = "strict-num"
version = "0.1.1"
source = "registry+https://github.com/rust-lang/crates.io-index"
checksum = "6637bab7722d379c8b41ba849228d680cc12d0a45ba1fa2b48f2a30577a06731"
dependencies = [
 "float-cmp",
]

[[package]]
name = "strsim"
version = "0.11.1"
source = "registry+https://github.com/rust-lang/crates.io-index"
checksum = "7da8b5736845d9f2fcb837ea5d9e2628564b3b043a70948a3f0b778838c5fb4f"

[[package]]
name = "svgtypes"
version = "0.16.1"
source = "registry+https://github.com/rust-lang/crates.io-index"
checksum = "695b5790b3131dafa99b3bbfd25a216edb3d216dad9ca208d4657bfb8f2abc3d"
dependencies = [
 "kurbo",
 "siphasher",
]

[[package]]
name = "syn"
version = "2.0.119"
source = "registry+https://github.com/rust-lang/crates.io-index"
checksum = "872831b642d1a07999a962a351ed35b955ea2cfc8f3862091e2a240a84f17297"
dependencies = [
 "proc-macro2",
 "quote",
 "unicode-ident",
]

[[package]]
name = "syn"
version = "3.0.4"
source = "registry+https://github.com/rust-lang/crates.io-index"
checksum = "e6275cddf4610d1775e6d1fe9469b2e77d0f39fd98fb7450901b821e0c53649f"
dependencies = [
 "proc-macro2",
 "quote",
 "unicode-ident",
]

[[package]]
name = "tempfile"
version = "3.27.0"
source = "registry+https://github.com/rust-lang/crates.io-index"
checksum = "32497e9a4c7b38532efcdebeef879707aa9f794296a4f0244f6f69e9bc8574bd"
dependencies = [
 "fastrand",
 "getrandom",
 "once_cell",
 "rustix",
 "windows-sys",
]

[[package]]
name = "tiny-skia"
version = "0.12.0"
source = "registry+https://github.com/rust-lang/crates.io-index"
checksum = "47ffee5eaaf5527f630fb0e356b90ebdec84d5d18d937c5e440350f88c5a91ea"
dependencies = [
 "arrayref",
 "arrayvec",
 "bytemuck",
 "cfg-if",
 "log",
 "png",
 "tiny-skia-path",
]

[[package]]
name = "tiny-skia-path"
version = "0.12.0"
source = "registry+https://github.com/rust-lang/crates.io-index"
checksum = "edca365c3faccca67d06593c5980fa6c57687de727a03131735bb85f01fdeeb9"
dependencies = [
 "arrayref",
 "bytemuck",
 "strict-num",
]

[[package]]
name = "tinyvec"
version = "1.12.0"
source = "registry+https://github.com/rust-lang/crates.io-index"
checksum = "bb4ebadaa0af04fab11ae01eb5f9fdb5f9c5b875506e210e71c07873528baa7f"
dependencies = [
 "tinyvec_macros",
]

[[package]]
name = "tinyvec_macros"
version = "0.1.1"
source = "registry+https://github.com/rust-lang/crates.io-index"
checksum = "1f3ccbac311fea05f86f61904b462b55fb3df8837a366dfc601a0161d0532f20"

[[package]]
name = "toml_datetime"
version = "1.1.1+spec-1.1.0"
source = "registry+https://github.com/rust-lang/crates.io-index"
checksum = "3165f65f62e28e0115a00b2ebdd37eb6f3b641855f9d636d3cd4103767159ad7"
dependencies = [
 "serde_core",
]

[[package]]
name = "toml_edit"
version = "0.25.13+spec-1.1.0"
source = "registry+https://github.com/rust-lang/crates.io-index"
checksum = "6975367e4d2ef766d86af01ffad14b622fecc8d4357a998fbc4deb6e9bacaf9b"
dependencies = [
 "indexmap",
 "toml_datetime",
 "toml_parser",
 "winnow",
]

[[package]]
name = "toml_parser"
version = "1.1.3+spec-1.1.0"
source = "registry+https://github.com/rust-lang/crates.io-index"
checksum = "1d38ac1cf9b95face32296c0a3ede1fdc270627c9d9c02a7274dd6d960dc4d56"
dependencies = [
 "winnow",
]

[[package]]
name = "tracing"
version = "0.1.44"
source = "registry+https://github.com/rust-lang/crates.io-index"
checksum = "63e71662fa4b2a2c3a26f570f037eb95bb1f85397f3cd8076caed2f026a6d100"
dependencies = [
 "pin-project-lite",
 "tracing-attributes",
 "tracing-core",
]

[[package]]
name = "tracing-attributes"
version = "0.1.31"
source = "registry+https://github.com/rust-lang/crates.io-index"
checksum = "7490cfa5ec963746568740651ac6781f701c9c5ea257c58e057f3ba8cf69e8da"
dependencies = [
 "proc-macro2",
 "quote",
 "syn 2.0.119",
]

[[package]]
name = "tracing-core"
version = "0.1.36"
source = "registry+https://github.com/rust-lang/crates.io-index"
checksum = "db97caf9d906fbde555dd62fa95ddba9eecfd14cb388e4f491a66d74cd5fb79a"
dependencies = [
 "once_cell",
]

[[package]]
name = "uds_windows"
version = "1.2.1"
source = "registry+https://github.com/rust-lang/crates.io-index"
checksum = "f2f6fb2847f6742cd76af783a2a2c49e9375d0a111c7bef6f71cd9e738c72d6e"
dependencies = [
 "memoffset",
 "tempfile",
 "windows-sys",
]

[[package]]
name = "ui_layout"
version = "0.12.1"
source = "git+https://github.com/098orin/ui_layout-rs?rev=75b98bd170c47c80f774de9e42312b2894d8b226#75b98bd170c47c80f774de9e42312b2894d8b226"

[[package]]
name = "unicode-bidi"
version = "0.3.18"
source = "registry+https://github.com/rust-lang/crates.io-index"
checksum = "5c1cb5db39152898a79168971543b1cb5020dff7fe43c8dc468b0885f5e29df5"

[[package]]
name = "unicode-ident"
version = "1.0.24"
source = "registry+https://github.com/rust-lang/crates.io-index"
checksum = "e6e4313cd5fcd3dad5cafa179702e2b244f760991f45397d14d4ebf38247da75"

[[package]]
name = "unicode-script"
version = "0.5.8"
source = "registry+https://github.com/rust-lang/crates.io-index"
checksum = "383ad40bb927465ec0ce7720e033cb4ca06912855fc35db31b5755d0de75b1ee"

[[package]]
name = "unicode-vo"
version = "0.1.0"
source = "registry+https://github.com/rust-lang/crates.io-index"
checksum = "b1d386ff53b415b7fe27b50bb44679e2cc4660272694b7b6f3326d8480823a94"

[[package]]
name = "usvg"
version = "0.48.1"
source = "registry+https://github.com/rust-lang/crates.io-index"
checksum = "977d0a4abdef933f424a99fe09f95576e089b90aebc6f016a3bc813762493e91"
dependencies = [
 "base64",
 "data-url",
 "flate2",
 "fontdb",
 "harfrust",
 "imagesize",
 "kurbo",
 "log",
 "pico-args",
 "roxmltree 0.21.1",
 "simplecss",
 "siphasher",
 "skrifa",
 "strict-num",
 "svgtypes",
 "tiny-skia-path",
 "unicode-bidi",
 "unicode-script",
 "unicode-vo",
 "xmlwriter",
]

[[package]]
name = "uuid"
version = "1.26.0"
source = "registry+https://github.com/rust-lang/crates.io-index"
checksum = "b5772d71c9be8a8a6ac2117d949c5b224c1b72241bb611d9a3012edcf8af7812"
dependencies = [
 "js-sys",
 "serde_core",
 "wasm-bindgen",
]

[[package]]
name = "version_check"
version = "0.9.5"
source = "registry+https://github.com/rust-lang/crates.io-index"
checksum = "0b928f33d975fc6ad9f86c8f283853ad26bdd5b10b7f1542aa2fa15e2289105a"

[[package]]
name = "wasm-bindgen"
version = "0.2.127"
source = "registry+https://github.com/rust-lang/crates.io-index"
checksum = "1b70935747edd64d89de3efa29d73789b806c15798f8e7dca4d8ac356b50ce70"
dependencies = [
 "cfg-if",
 "once_cell",
 "rustversion",
 "wasm-bindgen-macro",
 "wasm-bindgen-shared",
]

[[package]]
name = "wasm-bindgen-macro"
version = "0.2.127"
source = "registry+https://github.com/rust-lang/crates.io-index"
checksum = "77775f8f3f7217702089053b94958f8f54061a3f663417df76e19cbdcca29bc1"
dependencies = [
 "quote",
 "wasm-bindgen-macro-support",
]

[[package]]
name = "wasm-bindgen-macro-support"
version = "0.2.127"
source = "registry+https://github.com/rust-lang/crates.io-index"
checksum = "e11d33f857dc2fb11b8bc75aee111aa9cbeb12cd9f25efd3d4c2a3dd4e235284"
dependencies = [
 "bumpalo",
 "proc-macro2",
 "quote",
 "syn 2.0.119",
 "wasm-bindgen-shared",
]

[[package]]
name = "wasm-bindgen-shared"
version = "0.2.127"
source = "registry+https://github.com/rust-lang/crates.io-index"
checksum = "7ef64dbcc55df09c7e5a46182d181c2cfa3e925f3da937ea764728b4bbb9dcbf"
dependencies = [
 "unicode-ident",
]

[[package]]
name = "web-sys"
version = "0.3.104"
source = "registry+https://github.com/rust-lang/crates.io-index"
checksum = "c435338968042f4f59a557f690a253676d47ce13ceb55d70100e7facf6620a30"
dependencies = [
 "js-sys",
 "wasm-bindgen",
]

[[package]]
name = "weezl"
version = "0.1.12"
source = "registry+https://github.com/rust-lang/crates.io-index"
checksum = "a28ac98ddc8b9274cb41bb4d9d4d5c425b6020c50c46f25559911905610b4a88"

[[package]]
name = "windows-link"
version = "0.2.1"
source = "registry+https://github.com/rust-lang/crates.io-index"
checksum = "f0805222e57f7521d6a62e36fa9163bc891acd422f971defe97d64e70d0a4fe5"

[[package]]
name = "windows-sys"
version = "0.61.2"
source = "registry+https://github.com/rust-lang/crates.io-index"
checksum = "ae137229bcbd6cdf0f7b80a31df61766145077ddf49416a728b02cb3921ff3fc"
dependencies = [
 "windows-link",
]

[[package]]
name = "winnow"
version = "1.0.4"
source = "registry+https://github.com/rust-lang/crates.io-index"
checksum = "23b97319f7b8343df12cc98938e5c3eb436064524c8d2b4e30a1d3a36eecdf81"
dependencies = [
 "memchr",
]

[[package]]
name = "winreg"
version = "0.56.0"
source = "registry+https://github.com/rust-lang/crates.io-index"
checksum = "7d6f32a0ff4a9f6f01231eb2059cc85479330739333e0e58cadf03b6af2cca10"
dependencies = [
 "cfg-if",
 "windows-sys",
]

[[package]]
name = "xmlwriter"
version = "0.1.0"
source = "registry+https://github.com/rust-lang/crates.io-index"
checksum = "ec7a2a501ed189703dba8b08142f057e887dfc4b2cc4db2d343ac6376ba3e0b9"

[[package]]
name = "zbus"
version = "5.19.0"
source = "registry+https://github.com/rust-lang/crates.io-index"
checksum = "5db4be7c075cb421e4b7ee645541604239bd243ba7c357511f4ff3a74b555907"
dependencies = [
 "async-broadcast",
 "async-executor",
 "async-io",
 "async-lock",
 "async-process",
 "async-recursion",
 "async-task",
 "async-trait",
 "blocking",
 "enumflags2",
 "event-listener",
 "futures-core",
 "futures-lite",
 "hex",
 "libc",
 "ordered-stream",
 "rustix",
 "serde",
 "serde_repr",
 "tracing",
 "uds_windows",
 "uuid",
 "windows-sys",
 "winnow",
 "zbus_macros",
 "zbus_names",
 "zvariant",
]

[[package]]
name = "zbus_macros"
version = "5.19.0"
source = "registry+https://github.com/rust-lang/crates.io-index"
checksum = "2990635d09ade6df1868f72f8cac69a876a90981e8bd3c40b1be413f8dc88f40"
dependencies = [
 "proc-macro-crate",
 "proc-macro2",
 "quote",
 "syn 3.0.4",
 "zbus_names",
 "zvariant",
 "zvariant_utils",
]

[[package]]
name = "zbus_names"
version = "4.3.4"
source = "registry+https://github.com/rust-lang/crates.io-index"
checksum = "d8bf88b4a3ff53e883001e0e0115b297a9d53c31b9c1edd2bfdd853e3428624e"
dependencies = [
 "serde",
 "winnow",
 "zvariant",
]

[[package]]
name = "zcheapstr"
version = "1.1.0"
source = "registry+https://github.com/rust-lang/crates.io-index"
checksum = "d1afec51604565183aeb5c54c20aeab286120d4e4460f7f76e3e8bb8c0d99473"
dependencies = [
 "serde",
]

[[package]]
name = "zlib-rs"
version = "0.6.7"
source = "registry+https://github.com/rust-lang/crates.io-index"
checksum = "34b31d188d9d685a4f9c7b46d6e36631b07058d2cfe190267adce54dc230bf12"

[[package]]
name = "zune-core"
version = "0.5.3"
source = "registry+https://github.com/rust-lang/crates.io-index"
checksum = "d56377fd46368984a170bc5aac5567e52ca5da874caa60bea39fcbca78fb658b"

[[package]]
name = "zune-jpeg"
version = "0.5.15"
source = "registry+https://github.com/rust-lang/crates.io-index"
checksum = "27bc9d5b815bc103f142aa054f561d9187d191692ec7c2d1e2b4737f8dbd7296"
dependencies = [
 "zune-core",
]

[[package]]
name = "zvariant"
version = "5.15.0"
source = "registry+https://github.com/rust-lang/crates.io-index"
checksum = "c1d34c27cc6cdd1f458427519dd6b8612f7b7e3f7b9a0b2355d041dda9869147"
dependencies = [
 "endi",
 "enumflags2",
 "serde",
 "winnow",
 "zcheapstr",
 "zvariant_derive",
 "zvariant_utils",
]

[[package]]
name = "zvariant_derive"
version = "5.15.0"
source = "registry+https://github.com/rust-lang/crates.io-index"
checksum = "864155e69b4352db0c7f374917bf45d1e0c8d17659c8b3dbf9795f3673f8c497"
dependencies = [
 "proc-macro-crate",
 "proc-macro2",
 "quote",
 "syn 3.0.4",
 "zvariant_utils",
]

[[package]]
name = "zvariant_utils"
version = "4.2.0"
source = "registry+https://github.com/rust-lang/crates.io-index"
checksum = "bad0294361a320b694a328460dc73add56c306150f5cb6bfafc44446120008a3"
dependencies = [
 "proc-macro2",
 "quote",
 "serde",
 "syn 3.0.4",
 "winnow",
]
